// !$*UTF8*$!
{
	archiveVersion = 1;
	classes = {
	};
	objectVersion = 56;
	objects = {

/* Begin PBXBuildFile section */
		D77F07B02B50BB0200ECE801 /* main.cpp in Sources */ = {isa = PBXBuildFile; fileRef = D77F07AF2B50BB0200ECE801 /* main.cpp */; };
		D77F07B82B50BB8A00ECE801 /* Tooter.cpp in Sources */ = {isa = PBXBuildFile; fileRef = D77F07B62B50BB8A00ECE801 /* Tooter.cpp */; };
		D77F07BB2B50C59000ECE801 /* City.cpp in Sources */ = {isa = PBXBuildFile; fileRef = D77F07B92B50C59000ECE801 /* City.cpp */; };
		D77F07BF2B50C6FE00ECE801 /* Player.cpp in Sources */ = {isa = PBXBuildFile; fileRef = D77F07BD2B50C6FE00ECE801 /* Player.cpp */; };
		D77F07C12B50C8AD00ECE801 /* utilities.cpp in Sources */ = {isa = PBXBuildFile; fileRef = D77F07C02B50C8AD00ECE801 /* utilities.cpp */; };
		D77F07C42B50C97100ECE801 /* Game.cpp in Sources */ = {isa = PBXBuildFile; fileRef = D77F07C22B50C97100ECE801 /* Game.cpp */; };
		D7838ACF2B50CCF300E804D0 /* History.cpp in Sources */ = {isa = PBXBuildFile; fileRef = D7838ACD2B50CCF300E804D0 /* History.cpp */; };
/* End PBXBuildFile section */

/* Begin PBXCopyFilesBuildPhase section */
		D77F07AA2B50BB0200ECE801 /* CopyFiles */ = {
			isa = PBXCopyFilesBuildPhase;
			buildActionMask = 2147483647;
			dstPath = /usr/share/man/man1/;
			dstSubfolderSpec = 0;
			files = (
			);
			runOnlyForDeploymentPostprocessing = 1;
		};
/* End PBXCopyFilesBuildPhase section */

/* Begin PBXFileReference section */
		D77F07AC2B50BB0200ECE801 /* project_1 */ = {isa = PBXFileReference; explicitFileType = "compiled.mach-o.executable"; includeInIndex = 0; path = project_1; sourceTree = BUILT_PRODUCTS_DIR; };
		D77F07AF2B50BB0200ECE801 /* main.cpp */ = {isa = PBXFileReference; lastKnownFileType = sourcecode.cpp.cpp; path = main.cpp; sourceTree = "<group>"; };
		D77F07B62B50BB8A00ECE801 /* Tooter.cpp */ = {isa = PBXFileReference; lastKnownFileType = sourcecode.cpp.cpp; path = Tooter.cpp; sourceTree = "<group>"; };
		D77F07B72B50BB8A00ECE801 /* Tooter.h */ = {isa = PBXFileReference; lastKnownFileType = sourcecode.c.h; path = Tooter.h; sourceTree = "<group>"; };
		D77F07B92B50C59000ECE801 /* City.cpp */ = {isa = PBXFileReference; lastKnownFileType = sourcecode.cpp.cpp; path = City.cpp; sourceTree = "<group>"; };
		D77F07BA2B50C59000ECE801 /* City.h */ = {isa = PBXFileReference; lastKnownFileType = sourcecode.c.h; path = City.h; sourceTree = "<group>"; };
		D77F07BC2B50C62800ECE801 /* globals.h */ = {isa = PBXFileReference; lastKnownFileType = sourcecode.c.h; path = globals.h; sourceTree = "<group>"; };
		D77F07BD2B50C6FE00ECE801 /* Player.cpp */ = {isa = PBXFileReference; lastKnownFileType = sourcecode.cpp.cpp; path = Player.cpp; sourceTree = "<group>"; };
		D77F07BE2B50C6FE00ECE801 /* Player.h */ = {isa = PBXFileReference; lastKnownFileType = sourcecode.c.h; path = Player.h; sourceTree = "<group>"; };
		D77F07C02B50C8AD00ECE801 /* utilities.cpp */ = {isa = PBXFileReference; lastKnownFileType = sourcecode.cpp.cpp; path = utilities.cpp; sourceTree = "<group>"; };
		D77F07C22B50C97100ECE801 /* Game.cpp */ = {isa = PBXFileReference; lastKnownFileType = sourcecode.cpp.cpp; path = Game.cpp; sourceTree = "<group>"; };
		D77F07C32B50C97100ECE801 /* Game.h */ = {isa = PBXFileReference; lastKnownFileType = sourcecode.c.h; path = Game.h; sourceTree = "<group>"; };
		D7838ACD2B50CCF300E804D0 /* History.cpp */ = {isa = PBXFileReference; lastKnownFileType = sourcecode.cpp.cpp; path = History.cpp; sourceTree = "<group>"; };
		D7838ACE2B50CCF300E804D0 /* History.h */ = {isa = PBXFileReference; lastKnownFileType = sourcecode.c.h; path = History.h; sourceTree = "<group>"; };
/* End PBXFileReference section */

/* Begin PBXFrameworksBuildPhase section */
		D77F07A92B50BB0200ECE801 /* Frameworks */ = {
			isa = PBXFrameworksBuildPhase;
			buildActionMask = 2147483647;
			files = (
			);
			runOnlyForDeploymentPostprocessing = 0;
		};
/* End PBXFrameworksBuildPhase section */

/* Begin PBXGroup section */
		D77F07A32B50BB0200ECE801 = {
			isa = PBXGroup;
			children = (
				D77F07AE2B50BB0200ECE801 /* project_1 */,
				D77F07AD2B50BB0200ECE801 /* Products */,
			);
			sourceTree = "<group>";
		};
		D77F07AD2B50BB0200ECE801 /* Products */ = {
			isa = PBXGroup;
			children = (
				D77F07AC2B50BB0200ECE801 /* project_1 */,
			);
			name = Products;
			sourceTree = "<group>";
		};
		D77F07AE2B50BB0200ECE801 /* project_1 */ = {
			isa = PBXGroup;
			children = (
				D77F07B62B50BB8A00ECE801 /* Tooter.cpp */,
				D77F07B92B50C59000ECE801 /* City.cpp */,
				D77F07BD2B50C6FE00ECE801 /* Player.cpp */,
				D77F07BE2B50C6FE00ECE801 /* Player.h */,
				D77F07BA2B50C59000ECE801 /* City.h */,
				D77F07B72B50BB8A00ECE801 /* Tooter.h */,
				D77F07C22B50C97100ECE801 /* Game.cpp */,
				D77F07C32B50C97100ECE801 /* Game.h */,
				D77F07AF2B50BB0200ECE801 /* main.cpp */,
				D7838ACD2B50CCF300E804D0 /* History.cpp */,
				D7838ACE2B50CCF300E804D0 /* History.h */,
				D77F07C02B50C8AD00ECE801 /* utilities.cpp */,
				D77F07BC2B50C62800ECE801 /* globals.h */,
			);
			path = project_1;
			sourceTree = "<group>";
		};
/* End PBXGroup section */

/* Begin PBXNativeTarget section */
		D77F07AB2B50BB0200ECE801 /* project_1 */ = {
			isa = PBXNativeTarget;
			buildConfigurationList = D77F07B32B50BB0200ECE801 /* Build configuration list for PBXNativeTarget "project_1" */;
			buildPhases = (
				D77F07A82B50BB0200ECE801 /* Sources */,
				D77F07A92B50BB0200ECE801 /* Frameworks */,
				D77F07AA2B50BB0200ECE801 /* CopyFiles */,
			);
			buildRules = (
			);
			dependencies = (
			);
			name = project_1;
			productName = project_1;
			productReference = D77F07AC2B50BB0200ECE801 /* project_1 */;
			productType = "com.apple.product-type.tool";
		};
/* End PBXNativeTarget section */

/* Begin PBXProject section */
		D77F07A42B50BB0200ECE801 /* Project object */ = {
			isa = PBXProject;
			attributes = {
				BuildIndependentTargetsInParallel = 1;
				LastUpgradeCheck = 1500;
				TargetAttributes = {
					D77F07AB2B50BB0200ECE801 = {
						CreatedOnToolsVersion = 15.0.1;
					};
				};
			};
			buildConfigurationList = D77F07A72B50BB0200ECE801 /* Build configuration list for PBXProject "project_1" */;
			compatibilityVersion = "Xcode 14.0";
			developmentRegion = en;
			hasScannedForEncodings = 0;
			knownRegions = (
				en,
				Base,
			);
			mainGroup = D77F07A32B50BB0200ECE801;
			productRefGroup = D77F07AD2B50BB0200ECE801 /* Products */;
			projectDirPath = "";
			projectRoot = "";
			targets = (
				D77F07AB2B50BB0200ECE801 /* project_1 */,
			);
		};
/* End PBXProject section */

/* Begin PBXSourcesBuildPhase section */
		D77F07A82B50BB0200ECE801 /* Sources */ = {
			isa = PBXSourcesBuildPhase;
			buildActionMask = 2147483647;
			files = (
				D77F07C12B50C8AD00ECE801 /* utilities.cpp in Sources */,
				D77F07BF2B50C6FE00ECE801 /* Player.cpp in Sources */,
				D77F07BB2B50C59000ECE801 /* City.cpp in Sources */,
				D77F07C42B50C97100ECE801 /* Game.cpp in Sources */,
				D77F07B82B50BB8A00ECE801 /* Tooter.cpp in Sources */,
				D77F07B02B50BB0200ECE801 /* main.cpp in Sources */,
				D7838ACF2B50CCF300E804D0 /* History.cpp in Sources */,
			);
			runOnlyForDeploymentPostprocessing = 0;
		};
/* End PBXSourcesBuildPhase section */

/* Begin XCBuildConfiguration section */
		D77F07B12B50BB0200ECE801 /* Debug */ = {
			isa = XCBuildConfiguration;
			buildSettings = {
				ALWAYS_SEARCH_USER_PATHS = NO;
				ASSETCATALOG_COMPILER_GENERATE_SWIFT_ASSET_SYMBOL_EXTENSIONS = YES;
				CLANG_ANALYZER_NONNULL = YES;
				CLANG_ANALYZER_NUMBER_OBJECT_CONVERSION = YES_AGGRESSIVE;
				CLANG_CXX_LANGUAGE_STANDARD = "gnu++20";
				CLANG_ENABLE_MODULES = YES;
				CLANG_ENABLE_OBJC_ARC = YES;
				CLANG_ENABLE_OBJC_WEAK = YES;
				CLANG_WARN_BLOCK_CAPTURE_AUTORELEASING = YES;
				CLANG_WARN_BOOL_CONVERSION = YES;
				CLANG_WARN_COMMA = YES;
				CLANG_WARN_CONSTANT_CONVERSION = YES;
				CLANG_WARN_DEPRECATED_OBJC_IMPLEMENTATIONS = YES;
				CLANG_WARN_DIRECT_OBJC_ISA_USAGE = YES_ERROR;
				CLANG_WARN_DOCUMENTATION_COMMENTS = YES;
				CLANG_WARN_EMPTY_BODY = YES;
				CLANG_WARN_ENUM_CONVERSION = YES;
				CLANG_WARN_INFINITE_RECURSION = YES;
				CLANG_WARN_INT_CONVERSION = YES;
				CLANG_WARN_NON_LITERAL_NULL_CONVERSION = YES;
				CLANG_WARN_OBJC_IMPLICIT_RETAIN_SELF = YES;
				CLANG_WARN_OBJC_LITERAL_CONVERSION = YES;
				CLANG_WARN_OBJC_ROOT_CLASS = YES_ERROR;
				CLANG_WARN_QUOTED_INCLUDE_IN_FRAMEWORK_HEADER = YES;
				CLANG_WARN_RANGE_LOOP_ANALYSIS = YES;
				CLANG_WARN_STRICT_PROTOTYPES = YES;
				CLANG_WARN_SUSPICIOUS_MOVE = YES;
				CLANG_WARN_UNGUARDED_AVAILABILITY = YES_AGGRESSIVE;
				CLANG_WARN_UNREACHABLE_CODE = YES;
				CLANG_WARN__DUPLICATE_METHOD_MATCH = YES;
				COPY_PHASE_STRIP = NO;
				DEBUG_INFORMATION_FORMAT = dwarf;
				ENABLE_STRICT_OBJC_MSGSEND = YES;
				ENABLE_TESTABILITY = YES;
				ENABLE_USER_SCRIPT_SANDBOXING = YES;
				GCC_C_LANGUAGE_STANDARD = gnu17;
				GCC_DYNAMIC_NO_PIC = NO;
				GCC_NO_COMMON_BLOCKS = YES;
				GCC_OPTIMIZATION_LEVEL = 0;
				GCC_PREPROCESSOR_DEFINITIONS = (
					"DEBUG=1",
					"$(inherited)",
				);
				GCC_WARN_64_TO_32_BIT_CONVERSION = YES;
				GCC_WARN_ABOUT_RETURN_TYPE = YES_ERROR;
				GCC_WARN_UNDECLARED_SELECTOR = YES;
				GCC_WARN_UNINITIALIZED_AUTOS = YES_AGGRESSIVE;
				GCC_WARN_UNUSED_FUNCTION = YES;
				GCC_WARN_UNUSED_VARIABLE = YES;
				LOCALIZATION_PREFERS_STRING_CATALOGS = YES;
				MACOSX_DEPLOYMENT_TARGET = 14.0;
				MTL_ENABLE_DEBUG_INFO = INCLUDE_SOURCE;
				MTL_FAST_MATH = YES;
				ONLY_ACTIVE_ARCH = YES;
				SDKROOT = macosx;
			};
			name = Debug;
		};
		D77F07B22B50BB0200ECE801 /* Release */ = {
			isa = XCBuildConfiguration;
			buildSettings = {
				ALWAYS_SEARCH_USER_PATHS = NO;
				ASSETCATALOG_COMPILER_GENERATE_SWIFT_ASSET_SYMBOL_EXTENSIONS = YES;
				CLANG_ANALYZER_NONNULL = YES;
				CLANG_ANALYZER_NUMBER_OBJECT_CONVERSION = YES_AGGRESSIVE;
				CLANG_CXX_LANGUAGE_STANDARD = "gnu++20";
				CLANG_ENABLE_MODULES = YES;
				CLANG_ENABLE_OBJC_ARC = YES;
				CLANG_ENABLE_OBJC_WEAK = YES;
				CLANG_WARN_BLOCK_CAPTURE_AUTORELEASING = YES;
				CLANG_WARN_BOOL_CONVERSION = YES;
				CLANG_WARN_COMMA = YES;
				CLANG_WARN_CONSTANT_CONVERSION = YES;
				CLANG_WARN_DEPRECATED_OBJC_IMPLEMENTATIONS = YES;
				CLANG_WARN_DIRECT_OBJC_ISA_USAGE = YES_ERROR;
				CLANG_WARN_DOCUMENTATION_COMMENTS = YES;
				CLANG_WARN_EMPTY_BODY = YES;
				CLANG_WARN_ENUM_CONVERSION = YES;
				CLANG_WARN_INFINITE_RECURSION = YES;
				CLANG_WARN_INT_CONVERSION = YES;
				CLANG_WARN_NON_LITERAL_NULL_CONVERSION = YES;
				CLANG_WARN_OBJC_IMPLICIT_RETAIN_SELF = YES;
				CLANG_WARN_OBJC_LITERAL_CONVERSION = YES;
				CLANG_WARN_OBJC_ROOT_CLASS = YES_ERROR;
				CLANG_WARN_QUOTED_INCLUDE_IN_FRAMEWORK_HEADER = YES;
				CLANG_WARN_RANGE_LOOP_ANALYSIS = YES;
				CLANG_WARN_STRICT_PROTOTYPES = YES;
				CLANG_WARN_SUSPICIOUS_MOVE = YES;
				CLANG_WARN_UNGUARDED_AVAILABILITY = YES_AGGRESSIVE;
				CLANG_WARN_UNREACHABLE_CODE = YES;
				CLANG_WARN__DUPLICATE_METHOD_MATCH = YES;
				COPY_PHASE_STRIP = NO;
				DEBUG_INFORMATION_FORMAT = "dwarf-with-dsym";
				ENABLE_NS_ASSERTIONS = NO;
				ENABLE_STRICT_OBJC_MSGSEND = YES;
				ENABLE_USER_SCRIPT_SANDBOXING = YES;
				GCC_C_LANGUAGE_STANDARD = gnu17;
				GCC_NO_COMMON_BLOCKS = YES;
				GCC_WARN_64_TO_32_BIT_CONVERSION = YES;
				GCC_WARN_ABOUT_RETURN_TYPE = YES_ERROR;
				GCC_WARN_UNDECLARED_SELECTOR = YES;
				GCC_WARN_UNINITIALIZED_AUTOS = YES_AGGRESSIVE;
				GCC_WARN_UNUSED_FUNCTION = YES;
				GCC_WARN_UNUSED_VARIABLE = YES;
				LOCALIZATION_PREFERS_STRING_CATALOGS = YES;
				MACOSX_DEPLOYMENT_TARGET = 14.0;
				MTL_ENABLE_DEBUG_INFO = NO;
				MTL_FAST_MATH = YES;
				SDKROOT = macosx;
			};
			name = Release;
		};
		D77F07B42B50BB0200ECE801 /* Debug */ = {
			isa = XCBuildConfiguration;
			buildSettings = {
				CODE_SIGN_STYLE = Automatic;
				PRODUCT_NAME = "$(TARGET_NAME)";
			};
			name = Debug;
		};
		D77F07B52B50BB0200ECE801 /* Release */ = {
			isa = XCBuildConfiguration;
			buildSettings = {
				CODE_SIGN_STYLE = Automatic;
				PRODUCT_NAME = "$(TARGET_NAME)";
			};
			name = Release;
		};
/* End XCBuildConfiguration section */

/* Begin XCConfigurationList section */
		D77F07A72B50BB0200ECE801 /* Build configuration list for PBXProject "project_1" */ = {
			isa = XCConfigurationList;
			buildConfigurations = (
				D77F07B12B50BB0200ECE801 /* Debug */,
				D77F07B22B50BB0200ECE801 /* Release */,
			);
			defaultConfigurationIsVisible = 0;
			defaultConfigurationName = Release;
		};
		D77F07B32B50BB0200ECE801 /* Build configuration list for PBXNativeTarget "project_1" */ = {
			isa = XCConfigurationList;
			buildConfigurations = (
				D77F07B42B50BB0200ECE801 /* Debug */,
				D77F07B52B50BB0200ECE801 /* Release */,
			);
			defaultConfigurationIsVisible = 0;
			defaultConfigurationName = Release;
		};
/* End XCConfigurationList section */
	};
	rootObject = D77F07A42B50BB0200ECE801 /* Project object */;
}
